
Microsoft Visual Studio Solution File, Format Version 12.00
# Visual Studio Version 17
VisualStudioVersion = 17.5.33627.172
MinimumVisualStudioVersion = 10.0.40219.1
Project("{FAE04EC0-301F-11D3-BF4B-00C04F79EFBC}") = "Umbral.payload", "Umbral.payload\Umbral.payload.csproj", "{E823C15A-DDAF-4D1E-A6EB-80645D1EE735}"
EndProject
Project("{FAE04EC0-301F-11D3-BF4B-00C04F79EFBC}") = "Umbral.builder", "Umbral.builder\Umbral.builder.csproj", "{C8BB4BC3-944B-43A1-8A0C-E2A258DC190F}"
EndProject
Global
	GlobalSection(SolutionConfigurationPlatforms) = preSolution
		Debug|Any CPU = Debug|Any CPU
		Release|Any CPU = Release|Any CPU
	EndGlobalSection
	GlobalSection(ProjectConfigurationPlatforms) = postSolution
		{E823C15A-DDAF-4D1E-A6EB-80645D1EE735}.Debug|Any CPU.ActiveCfg = Debug|Any CPU
		{E823C15A-DDAF-4D1E-A6EB-80645D1EE735}.Debug|Any CPU.Build.0 = Debug|Any CPU
		{E823C15A-DDAF-4D1E-A6EB-80645D1EE735}.Release|Any CPU.ActiveCfg = Release|Any CPU
		{E823C15A-DDAF-4D1E-A6EB-80645D1EE735}.Release|Any CPU.Build.0 = Release|Any CPU
		{C8BB4BC3-944B-43A1-8A0C-E2A258DC190F}.Debug|Any CPU.ActiveCfg = Debug|Any CPU
		{C8BB4BC3-944B-43A1-8A0C-E2A258DC190F}.Debug|Any CPU.Build.0 = Debug|Any CPU
		{C8BB4BC3-944B-43A1-8A0C-E2A258DC190F}.Release|Any CPU.ActiveCfg = Release|Any CPU
		{C8BB4BC3-944B-43A1-8A0C-E2A258DC190F}.Release|Any CPU.Build.0 = Release|Any CPU
	EndGlobalSection
	GlobalSection(SolutionProperties) = preSolution
		HideSolutionNode = FALSE
	EndGlobalSection
	GlobalSection(ExtensibilityGlobals) = postSolution
		SolutionGuid = {B4585166-F805-428C-97F5-151C285E02E6}
	EndGlobalSection
EndGlobal
